// !$*UTF8*$!
{
	archiveVersion = 1;
	classes = {
	};
	objectVersion = 50;
	objects = {

/* Begin PBXBuildFile section */
		D9ED38DA2433847900DFFF7A /* AppDelegate.swift in Sources */ = {isa = PBXBuildFile; fileRef = D9ED38D92433847900DFFF7A /* AppDelegate.swift */; };
		D9ED38DC2433847900DFFF7A /* ViewController.swift in Sources */ = {isa = PBXBuildFile; fileRef = D9ED38DB2433847900DFFF7A /* ViewController.swift */; };
		D9ED38DF2433847900DFFF7A /* Main.storyboard in Resources */ = {isa = PBXBuildFile; fileRef = D9ED38DD2433847900DFFF7A /* Main.storyboard */; };
		D9ED38E12433847D00DFFF7A /* Assets.xcassets in Resources */ = {isa = PBXBuildFile; fileRef = D9ED38E02433847D00DFFF7A /* Assets.xcassets */; };
		D9ED38E42433847D00DFFF7A /* LaunchScreen.storyboard in Resources */ = {isa = PBXBuildFile; fileRef = D9ED38E22433847D00DFFF7A /* LaunchScreen.storyboard */; };
		D9ED38EF2433847D00DFFF7A /* MyFristGitXcodeProjectTests.swift in Sources */ = {isa = PBXBuildFile; fileRef = D9ED38EE2433847D00DFFF7A /* MyFristGitXcodeProjectTests.swift */; };
		D9ED38FA2433847D00DFFF7A /* MyFristGitXcodeProjectUITests.swift in Sources */ = {isa = PBXBuildFile; fileRef = D9ED38F92433847D00DFFF7A /* MyFristGitXcodeProjectUITests.swift */; };
/* End PBXBuildFile section */

/* Begin PBXContainerItemProxy section */
		D9ED38EB2433847D00DFFF7A /* PBXContainerItemProxy */ = {
			isa = PBXContainerItemProxy;
			containerPortal = D9ED38CE2433847900DFFF7A /* Project object */;
			proxyType = 1;
			remoteGlobalIDString = D9ED38D52433847900DFFF7A;
			remoteInfo = MyFristGitXcodeProject;
		};
		D9ED38F62433847D00DFFF7A /* PBXContainerItemProxy */ = {
			isa = PBXContainerItemProxy;
			containerPortal = D9ED38CE2433847900DFFF7A /* Project object */;
			proxyType = 1;
			remoteGlobalIDString = D9ED38D52433847900DFFF7A;
			remoteInfo = MyFristGitXcodeProject;
		};
/* End PBXContainerItemProxy section */

/* Begin PBXFileReference section */
		D9ED38D62433847900DFFF7A /* MyFristGitXcodeProject.app */ = {isa = PBXFileReference; explicitFileType = wrapper.application; includeInIndex = 0; path = MyFristGitXcodeProject.app; sourceTree = BUILT_PRODUCTS_DIR; };
		D9ED38D92433847900DFFF7A /* AppDelegate.swift */ = {isa = PBXFileReference; lastKnownFileType = sourcecode.swift; path = AppDelegate.swift; sourceTree = "<group>"; };
		D9ED38DB2433847900DFFF7A /* ViewController.swift */ = {isa = PBXFileReference; lastKnownFileType = sourcecode.swift; path = ViewController.swift; sourceTree = "<group>"; };
		D9ED38DE2433847900DFFF7A /* Base */ = {isa = PBXFileReference; lastKnownFileType = file.storyboard; name = Base; path = Base.lproj/Main.storyboard; sourceTree = "<group>"; };
		D9ED38E02433847D00DFFF7A /* Assets.xcassets */ = {isa = PBXFileReference; lastKnownFileType = folder.assetcatalog; path = Assets.xcassets; sourceTree = "<group>"; };
		D9ED38E32433847D00DFFF7A /* Base */ = {isa = PBXFileReference; lastKnownFileType = file.storyboard; name = Base; path = Base.lproj/LaunchScreen.storyboard; sourceTree = "<group>"; };
		D9ED38E52433847D00DFFF7A /* Info.plist */ = {isa = PBXFileReference; lastKnownFileType = text.plist.xml; path = Info.plist; sourceTree = "<group>"; };
		D9ED38EA2433847D00DFFF7A /* MyFristGitXcodeProjectTests.xctest */ = {isa = PBXFileReference; explicitFileType = wrapper.cfbundle; includeInIndex = 0; path = MyFristGitXcodeProjectTests.xctest; sourceTree = BUILT_PRODUCTS_DIR; };
		D9ED38EE2433847D00DFFF7A /* MyFristGitXcodeProjectTests.swift */ = {isa = PBXFileReference; lastKnownFileType = sourcecode.swift; path = MyFristGitXcodeProjectTests.swift; sourceTree = "<group>"; };
		D9ED38F02433847D00DFFF7A /* Info.plist */ = {isa = PBXFileReference; lastKnownFileType = text.plist.xml; path = Info.plist; sourceTree = "<group>"; };
		D9ED38F52433847D00DFFF7A /* MyFristGitXcodeProjectUITests.xctest */ = {isa = PBXFileReference; explicitFileType = wrapper.cfbundle; includeInIndex = 0; path = MyFristGitXcodeProjectUITests.xctest; sourceTree = BUILT_PRODUCTS_DIR; };
		D9ED38F92433847D00DFFF7A /* MyFristGitXcodeProjectUITests.swift */ = {isa = PBXFileReference; lastKnownFileType = sourcecode.swift; path = MyFristGitXcodeProjectUITests.swift; sourceTree = "<group>"; };
		D9ED38FB2433847D00DFFF7A /* Info.plist */ = {isa = PBXFileReference; lastKnownFileType = text.plist.xml; path = Info.plist; sourceTree = "<group>"; };
/* End PBXFileReference section */

/* Begin PBXFrameworksBuildPhase section */
		D9ED38D32433847900DFFF7A /* Frameworks */ = {
			isa = PBXFrameworksBuildPhase;
			buildActionMask = 2147483647;
			files = (
			);
			runOnlyForDeploymentPostprocessing = 0;
		};
		D9ED38E72433847D00DFFF7A /* Frameworks */ = {
			isa = PBXFrameworksBuildPhase;
			buildActionMask = 2147483647;
			files = (
			);
			runOnlyForDeploymentPostprocessing = 0;
		};
		D9ED38F22433847D00DFFF7A /* Frameworks */ = {
			isa = PBXFrameworksBuildPhase;
			buildActionMask = 2147483647;
			files = (
			);
			runOnlyForDeploymentPostprocessing = 0;
		};
/* End PBXFrameworksBuildPhase section */

/* Begin PBXGroup section */
		D9ED38CD2433847900DFFF7A = {
			isa = PBXGroup;
			children = (
				D9ED38D82433847900DFFF7A /* MyFristGitXcodeProject */,
				D9ED38ED2433847D00DFFF7A /* MyFristGitXcodeProjectTests */,
				D9ED38F82433847D00DFFF7A /* MyFristGitXcodeProjectUITests */,
				D9ED38D72433847900DFFF7A /* Products */,
			);
			sourceTree = "<group>";
		};
		D9ED38D72433847900DFFF7A /* Products */ = {
			isa = PBXGroup;
			children = (
				D9ED38D62433847900DFFF7A /* MyFristGitXcodeProject.app */,
				D9ED38EA2433847D00DFFF7A /* MyFristGitXcodeProjectTests.xctest */,
				D9ED38F52433847D00DFFF7A /* MyFristGitXcodeProjectUITests.xctest */,
			);
			name = Products;
			sourceTree = "<group>";
		};
		D9ED38D82433847900DFFF7A /* MyFristGitXcodeProject */ = {
			isa = PBXGroup;
			children = (
				D9ED38D92433847900DFFF7A /* AppDelegate.swift */,
				D9ED38DB2433847900DFFF7A /* ViewController.swift */,
				D9ED38DD2433847900DFFF7A /* Main.storyboard */,
				D9ED38E02433847D00DFFF7A /* Assets.xcassets */,
				D9ED38E22433847D00DFFF7A /* LaunchScreen.storyboard */,
				D9ED38E52433847D00DFFF7A /* Info.plist */,
			);
			path = MyFristGitXcodeProject;
			sourceTree = "<group>";
		};
		D9ED38ED2433847D00DFFF7A /* MyFristGitXcodeProjectTests */ = {
			isa = PBXGroup;
			children = (
				D9ED38EE2433847D00DFFF7A /* MyFristGitXcodeProjectTests.swift */,
				D9ED38F02433847D00DFFF7A /* Info.plist */,
			);
			path = MyFristGitXcodeProjectTests;
			sourceTree = "<group>";
		};
		D9ED38F82433847D00DFFF7A /* MyFristGitXcodeProjectUITests */ = {
			isa = PBXGroup;
			children = (
				D9ED38F92433847D00DFFF7A /* MyFristGitXcodeProjectUITests.swift */,
				D9ED38FB2433847D00DFFF7A /* Info.plist */,
			);
			path = MyFristGitXcodeProjectUITests;
			sourceTree = "<group>";
		};
/* End PBXGroup section */

/* Begin PBXNativeTarget section */
		D9ED38D52433847900DFFF7A /* MyFristGitXcodeProject */ = {
			isa = PBXNativeTarget;
			buildConfigurationList = D9ED38FE2433847D00DFFF7A /* Build configuration list for PBXNativeTarget "MyFristGitXcodeProject" */;
			buildPhases = (
				D9ED38D22433847900DFFF7A /* Sources */,
				D9ED38D32433847900DFFF7A /* Frameworks */,
				D9ED38D42433847900DFFF7A /* Resources */,
			);
			buildRules = (
			);
			dependencies = (
			);
			name = MyFristGitXcodeProject;
			productName = MyFristGitXcodeProject;
			productReference = D9ED38D62433847900DFFF7A /* MyFristGitXcodeProject.app */;
			productType = "com.apple.product-type.application";
		};
		D9ED38E92433847D00DFFF7A /* MyFristGitXcodeProjectTests */ = {
			isa = PBXNativeTarget;
			buildConfigurationList = D9ED39012433847D00DFFF7A /* Build configuration list for PBXNativeTarget "MyFristGitXcodeProjectTests" */;
			buildPhases = (
				D9ED38E62433847D00DFFF7A /* Sources */,
				D9ED38E72433847D00DFFF7A /* Frameworks */,
				D9ED38E82433847D00DFFF7A /* Resources */,
			);
			buildRules = (
			);
			dependencies = (
				D9ED38EC2433847D00DFFF7A /* PBXTargetDependency */,
			);
			name = MyFristGitXcodeProjectTests;
			productName = MyFristGitXcodeProjectTests;
			productReference = D9ED38EA2433847D00DFFF7A /* MyFristGitXcodeProjectTests.xctest */;
			productType = "com.apple.product-type.bundle.unit-test";
		};
		D9ED38F42433847D00DFFF7A /* MyFristGitXcodeProjectUITests */ = {
			isa = PBXNativeTarget;
			buildConfigurationList = D9ED39042433847D00DFFF7A /* Build configuration list for PBXNativeTarget "MyFristGitXcodeProjectUITests" */;
			buildPhases = (
				D9ED38F12433847D00DFFF7A /* Sources */,
				D9ED38F22433847D00DFFF7A /* Frameworks */,
				D9ED38F32433847D00DFFF7A /* Resources */,
			);
			buildRules = (
			);
			dependencies = (
				D9ED38F72433847D00DFFF7A /* PBXTargetDependency */,
			);
			name = MyFristGitXcodeProjectUITests;
			productName = MyFristGitXcodeProjectUITests;
			productReference = D9ED38F52433847D00DFFF7A /* MyFristGitXcodeProjectUITests.xctest */;
			productType = "com.apple.product-type.bundle.ui-testing";
		};
/* End PBXNativeTarget section */

/* Begin PBXProject section */
		D9ED38CE2433847900DFFF7A /* Project object */ = {
			isa = PBXProject;
			attributes = {
				LastSwiftUpdateCheck = 1010;
				LastUpgradeCheck = 1010;
				ORGANIZATIONNAME = "Vivek Reddy";
				TargetAttributes = {
					D9ED38D52433847900DFFF7A = {
						CreatedOnToolsVersion = 10.1;
					};
					D9ED38E92433847D00DFFF7A = {
						CreatedOnToolsVersion = 10.1;
						TestTargetID = D9ED38D52433847900DFFF7A;
					};
					D9ED38F42433847D00DFFF7A = {
						CreatedOnToolsVersion = 10.1;
						TestTargetID = D9ED38D52433847900DFFF7A;
					};
				};
			};
			buildConfigurationList = D9ED38D12433847900DFFF7A /* Build configuration list for PBXProject "MyFristGitXcodeProject" */;
			compatibilityVersion = "Xcode 9.3";
			developmentRegion = en;
			hasScannedForEncodings = 0;
			knownRegions = (
				en,
				Base,
			);
			mainGroup = D9ED38CD2433847900DFFF7A;
			productRefGroup = D9ED38D72433847900DFFF7A /* Products */;
			projectDirPath = "";
			projectRoot = "";
			targets = (
				D9ED38D52433847900DFFF7A /* MyFristGitXcodeProject */,
				D9ED38E92433847D00DFFF7A /* MyFristGitXcodeProjectTests */,
				D9ED38F42433847D00DFFF7A /* MyFristGitXcodeProjectUITests */,
			);
		};
/* End PBXProject section */

/* Begin PBXResourcesBuildPhase section */
		D9ED38D42433847900DFFF7A /* Resources */ = {
			isa = PBXResourcesBuildPhase;
			buildActionMask = 2147483647;
			files = (
				D9ED38E42433847D00DFFF7A /* LaunchScreen.storyboard in Resources */,
				D9ED38E12433847D00DFFF7A /* Assets.xcassets in Resources */,
				D9ED38DF2433847900DFFF7A /* Main.storyboard in Resources */,
			);
			runOnlyForDeploymentPostprocessing = 0;
		};
		D9ED38E82433847D00DFFF7A /* Resources */ = {
			isa = PBXResourcesBuildPhase;
			buildActionMask = 2147483647;
			files = (
			);
			runOnlyForDeploymentPostprocessing = 0;
		};
		D9ED38F32433847D00DFFF7A /* Resources */ = {
			isa = PBXResourcesBuildPhase;
			buildActionMask = 2147483647;
			files = (
			);
			runOnlyForDeploymentPostprocessing = 0;
		};
/* End PBXResourcesBuildPhase section */

/* Begin PBXSourcesBuildPhase section */
		D9ED38D22433847900DFFF7A /* Sources */ = {
			isa = PBXSourcesBuildPhase;
			buildActionMask = 2147483647;
			files = (
				D9ED38DC2433847900DFFF7A /* ViewController.swift in Sources */,
				D9ED38DA2433847900DFFF7A /* AppDelegate.swift in Sources */,
			);
			runOnlyForDeploymentPostprocessing = 0;
		};
		D9ED38E62433847D00DFFF7A /* Sources */ = {
			isa = PBXSourcesBuildPhase;
			buildActionMask = 2147483647;
			files = (
				D9ED38EF2433847D00DFFF7A /* MyFristGitXcodeProjectTests.swift in Sources */,
			);
			runOnlyForDeploymentPostprocessing = 0;
		};
		D9ED38F12433847D00DFFF7A /* Sources */ = {
			isa = PBXSourcesBuildPhase;
			buildActionMask = 2147483647;
			files = (
				D9ED38FA2433847D00DFFF7A /* MyFristGitXcodeProjectUITests.swift in Sources */,
			);
			runOnlyForDeploymentPostprocessing = 0;
		};
/* End PBXSourcesBuildPhase section */

/* Begin PBXTargetDependency section */
		D9ED38EC2433847D00DFFF7A /* PBXTargetDependency */ = {
			isa = PBXTargetDependency;
			target = D9ED38D52433847900DFFF7A /* MyFristGitXcodeProject */;
			targetProxy = D9ED38EB2433847D00DFFF7A /* PBXContainerItemProxy */;
		};
		D9ED38F72433847D00DFFF7A /* PBXTargetDependency */ = {
			isa = PBXTargetDependency;
			target = D9ED38D52433847900DFFF7A /* MyFristGitXcodeProject */;
			targetProxy = D9ED38F62433847D00DFFF7A /* PBXContainerItemProxy */;
		};
/* End PBXTargetDependency section */

/* Begin PBXVariantGroup section */
		D9ED38DD2433847900DFFF7A /* Main.storyboard */ = {
			isa = PBXVariantGroup;
			children = (
				D9ED38DE2433847900DFFF7A /* Base */,
			);
			name = Main.storyboard;
			sourceTree = "<group>";
		};
		D9ED38E22433847D00DFFF7A /* LaunchScreen.storyboard */ = {
			isa = PBXVariantGroup;
			children = (
				D9ED38E32433847D00DFFF7A /* Base */,
			);
			name = LaunchScreen.storyboard;
			sourceTree = "<group>";
		};
/* End PBXVariantGroup section */

/* Begin XCBuildConfiguration section */
		D9ED38FC2433847D00DFFF7A /* Debug */ = {
			isa = XCBuildConfiguration;
			buildSettings = {
				ALWAYS_SEARCH_USER_PATHS = NO;
				CLANG_ANALYZER_NONNULL = YES;
				CLANG_ANALYZER_NUMBER_OBJECT_CONVERSION = YES_AGGRESSIVE;
				CLANG_CXX_LANGUAGE_STANDARD = "gnu++14";
				CLANG_CXX_LIBRARY = "libc++";
				CLANG_ENABLE_MODULES = YES;
				CLANG_ENABLE_OBJC_ARC = YES;
				CLANG_ENABLE_OBJC_WEAK = YES;
				CLANG_WARN_BLOCK_CAPTURE_AUTORELEASING = YES;
				CLANG_WARN_BOOL_CONVERSION = YES;
				CLANG_WARN_COMMA = YES;
				CLANG_WARN_CONSTANT_CONVERSION = YES;
				CLANG_WARN_DEPRECATED_OBJC_IMPLEMENTATIONS = YES;
				CLANG_WARN_DIRECT_OBJC_ISA_USAGE = YES_ERROR;
				CLANG_WARN_DOCUMENTATION_COMMENTS = YES;
				CLANG_WARN_EMPTY_BODY = YES;
				CLANG_WARN_ENUM_CONVERSION = YES;
				CLANG_WARN_INFINITE_RECURSION = YES;
				CLANG_WARN_INT_CONVERSION = YES;
				CLANG_WARN_NON_LITERAL_NULL_CONVERSION = YES;
				CLANG_WARN_OBJC_IMPLICIT_RETAIN_SELF = YES;
				CLANG_WARN_OBJC_LITERAL_CONVERSION = YES;
				CLANG_WARN_OBJC_ROOT_CLASS = YES_ERROR;
				CLANG_WARN_RANGE_LOOP_ANALYSIS = YES;
				CLANG_WARN_STRICT_PROTOTYPES = YES;
				CLANG_WARN_SUSPICIOUS_MOVE = YES;
				CLANG_WARN_UNGUARDED_AVAILABILITY = YES_AGGRESSIVE;
				CLANG_WARN_UNREACHABLE_CODE = YES;
				CLANG_WARN__DUPLICATE_METHOD_MATCH = YES;
				CODE_SIGN_IDENTITY = "iPhone Developer";
				COPY_PHASE_STRIP = NO;
				DEBUG_INFORMATION_FORMAT = dwarf;
				ENABLE_STRICT_OBJC_MSGSEND = YES;
				ENABLE_TESTABILITY = YES;
				GCC_C_LANGUAGE_STANDARD = gnu11;
				GCC_DYNAMIC_NO_PIC = NO;
				GCC_NO_COMMON_BLOCKS = YES;
				GCC_OPTIMIZATION_LEVEL = 0;
				GCC_PREPROCESSOR_DEFINITIONS = (
					"DEBUG=1",
					"$(inherited)",
				);
				GCC_WARN_64_TO_32_BIT_CONVERSION = YES;
				GCC_WARN_ABOUT_RETURN_TYPE = YES_ERROR;
				GCC_WARN_UNDECLARED_SELECTOR = YES;
				GCC_WARN_UNINITIALIZED_AUTOS = YES_AGGRESSIVE;
				GCC_WARN_UNUSED_FUNCTION = YES;
				GCC_WARN_UNUSED_VARIABLE = YES;
				IPHONEOS_DEPLOYMENT_TARGET = 12.1;
				MTL_ENABLE_DEBUG_INFO = INCLUDE_SOURCE;
				MTL_FAST_MATH = YES;
				ONLY_ACTIVE_ARCH = YES;
				SDKROOT = iphoneos;
				SWIFT_ACTIVE_COMPILATION_CONDITIONS = DEBUG;
				SWIFT_OPTIMIZATION_LEVEL = "-Onone";
			};
			name = Debug;
		};
		D9ED38FD2433847D00DFFF7A /* Release */ = {
			isa = XCBuildConfiguration;
			buildSettings = {
				ALWAYS_SEARCH_USER_PATHS = NO;
				CLANG_ANALYZER_NONNULL = YES;
				CLANG_ANALYZER_NUMBER_OBJECT_CONVERSION = YES_AGGRESSIVE;
				CLANG_CXX_LANGUAGE_STANDARD = "gnu++14";
				CLANG_CXX_LIBRARY = "libc++";
				CLANG_ENABLE_MODULES = YES;
				CLANG_ENABLE_OBJC_ARC = YES;
				CLANG_ENABLE_OBJC_WEAK = YES;
				CLANG_WARN_BLOCK_CAPTURE_AUTORELEASING = YES;
				CLANG_WARN_BOOL_CONVERSION = YES;
				CLANG_WARN_COMMA = YES;
				CLANG_WARN_CONSTANT_CONVERSION = YES;
				CLANG_WARN_DEPRECATED_OBJC_IMPLEMENTATIONS = YES;
				CLANG_WARN_DIRECT_OBJC_ISA_USAGE = YES_ERROR;
				CLANG_WARN_DOCUMENTATION_COMMENTS = YES;
				CLANG_WARN_EMPTY_BODY = YES;
				CLANG_WARN_ENUM_CONVERSION = YES;
				CLANG_WARN_INFINITE_RECURSION = YES;
				CLANG_WARN_INT_CONVERSION = YES;
				CLANG_WARN_NON_LITERAL_NULL_CONVERSION = YES;
				CLANG_WARN_OBJC_IMPLICIT_RETAIN_SELF = YES;
				CLANG_WARN_OBJC_LITERAL_CONVERSION = YES;
				CLANG_WARN_OBJC_ROOT_CLASS = YES_ERROR;
				CLANG_WARN_RANGE_LOOP_ANALYSIS = YES;
				CLANG_WARN_STRICT_PROTOTYPES = YES;
				CLANG_WARN_SUSPICIOUS_MOVE = YES;
				CLANG_WARN_UNGUARDED_AVAILABILITY = YES_AGGRESSIVE;
				CLANG_WARN_UNREACHABLE_CODE = YES;
				CLANG_WARN__DUPLICATE_METHOD_MATCH = YES;
				CODE_SIGN_IDENTITY = "iPhone Developer";
				COPY_PHASE_STRIP = NO;
				DEBUG_INFORMATION_FORMAT = "dwarf-with-dsym";
				ENABLE_NS_ASSERTIONS = NO;
				ENABLE_STRICT_OBJC_MSGSEND = YES;
				GCC_C_LANGUAGE_STANDARD = gnu11;
				GCC_NO_COMMON_BLOCKS = YES;
				GCC_WARN_64_TO_32_BIT_CONVERSION = YES;
				GCC_WARN_ABOUT_RETURN_TYPE = YES_ERROR;
				GCC_WARN_UNDECLARED_SELECTOR = YES;
				GCC_WARN_UNINITIALIZED_AUTOS = YES_AGGRESSIVE;
				GCC_WARN_UNUSED_FUNCTION = YES;
				GCC_WARN_UNUSED_VARIABLE = YES;
				IPHONEOS_DEPLOYMENT_TARGET = 12.1;
				MTL_ENABLE_DEBUG_INFO = NO;
				MTL_FAST_MATH = YES;
				SDKROOT = iphoneos;
				SWIFT_COMPILATION_MODE = wholemodule;
				SWIFT_OPTIMIZATION_LEVEL = "-O";
				VALIDATE_PRODUCT = YES;
			};
			name = Release;
		};
		D9ED38FF2433847D00DFFF7A /* Debug */ = {
			isa = XCBuildConfiguration;
			buildSettings = {
				ASSETCATALOG_COMPILER_APPICON_NAME = AppIcon;
				CODE_SIGN_STYLE = Automatic;
				INFOPLIST_FILE = MyFristGitXcodeProject/Info.plist;
				LD_RUNPATH_SEARCH_PATHS = (
					"$(inherited)",
					"@executable_path/Frameworks",
				);
				PRODUCT_BUNDLE_IDENTIFIER = MyFristGitProject.MyFristGitXcodeProject;
				PRODUCT_NAME = "$(TARGET_NAME)";
				SWIFT_VERSION = 4.2;
				TARGETED_DEVICE_FAMILY = "1,2";
			};
			name = Debug;
		};
		D9ED39002433847D00DFFF7A /* Release */ = {
			isa = XCBuildConfiguration;
			buildSettings = {
				ASSETCATALOG_COMPILER_APPICON_NAME = AppIcon;
				CODE_SIGN_STYLE = Automatic;
				INFOPLIST_FILE = MyFristGitXcodeProject/Info.plist;
				LD_RUNPATH_SEARCH_PATHS = (
					"$(inherited)",
					"@executable_path/Frameworks",
				);
				PRODUCT_BUNDLE_IDENTIFIER = MyFristGitProject.MyFristGitXcodeProject;
				PRODUCT_NAME = "$(TARGET_NAME)";
				SWIFT_VERSION = 4.2;
				TARGETED_DEVICE_FAMILY = "1,2";
			};
			name = Release;
		};
		D9ED39022433847D00DFFF7A /* Debug */ = {
			isa = XCBuildConfiguration;
			buildSettings = {
				ALWAYS_EMBED_SWIFT_STANDARD_LIBRARIES = YES;
				BUNDLE_LOADER = "$(TEST_HOST)";
				CODE_SIGN_STYLE = Automatic;
				INFOPLIST_FILE = MyFristGitXcodeProjectTests/Info.plist;
				LD_RUNPATH_SEARCH_PATHS = (
					"$(inherited)",
					"@executable_path/Frameworks",
					"@loader_path/Frameworks",
				);
				PRODUCT_BUNDLE_IDENTIFIER = MyFristGitProject.MyFristGitXcodeProjectTests;
				PRODUCT_NAME = "$(TARGET_NAME)";
				SWIFT_VERSION = 4.2;
				TARGETED_DEVICE_FAMILY = "1,2";
				TEST_HOST = "$(BUILT_PRODUCTS_DIR)/MyFristGitXcodeProject.app/MyFristGitXcodeProject";
			};
			name = Debug;
		};
		D9ED39032433847D00DFFF7A /* Release */ = {
			isa = XCBuildConfiguration;
			buildSettings = {
				ALWAYS_EMBED_SWIFT_STANDARD_LIBRARIES = YES;
				BUNDLE_LOADER = "$(TEST_HOST)";
				CODE_SIGN_STYLE = Automatic;
				INFOPLIST_FILE = MyFristGitXcodeProjectTests/Info.plist;
				LD_RUNPATH_SEARCH_PATHS = (
					"$(inherited)",
					"@executable_path/Frameworks",
					"@loader_path/Frameworks",
				);
				PRODUCT_BUNDLE_IDENTIFIER = MyFristGitProject.MyFristGitXcodeProjectTests;
				PRODUCT_NAME = "$(TARGET_NAME)";
				SWIFT_VERSION = 4.2;
				TARGETED_DEVICE_FAMILY = "1,2";
				TEST_HOST = "$(BUILT_PRODUCTS_DIR)/MyFristGitXcodeProject.app/MyFristGitXcodeProject";
			};
			name = Release;
		};
		D9ED39052433847D00DFFF7A /* Debug */ = {
			isa = XCBuildConfiguration;
			buildSettings = {
				ALWAYS_EMBED_SWIFT_STANDARD_LIBRARIES = YES;
				CODE_SIGN_STYLE = Automatic;
				INFOPLIST_FILE = MyFristGitXcodeProjectUITests/Info.plist;
				LD_RUNPATH_SEARCH_PATHS = (
					"$(inherited)",
					"@executable_path/Frameworks",
					"@loader_path/Frameworks",
				);
				PRODUCT_BUNDLE_IDENTIFIER = MyFristGitProject.MyFristGitXcodeProjectUITests;
				PRODUCT_NAME = "$(TARGET_NAME)";
				SWIFT_VERSION = 4.2;
				TARGETED_DEVICE_FAMILY = "1,2";
				TEST_TARGET_NAME = MyFristGitXcodeProject;
			};
			name = Debug;
		};
		D9ED39062433847D00DFFF7A /* Release */ = {
			isa = XCBuildConfiguration;
			buildSettings = {
				ALWAYS_EMBED_SWIFT_STANDARD_LIBRARIES = YES;
				CODE_SIGN_STYLE = Automatic;
				INFOPLIST_FILE = MyFristGitXcodeProjectUITests/Info.plist;
				LD_RUNPATH_SEARCH_PATHS = (
					"$(inherited)",
					"@executable_path/Frameworks",
					"@loader_path/Frameworks",
				);
				PRODUCT_BUNDLE_IDENTIFIER = MyFristGitProject.MyFristGitXcodeProjectUITests;
				PRODUCT_NAME = "$(TARGET_NAME)";
				SWIFT_VERSION = 4.2;
				TARGETED_DEVICE_FAMILY = "1,2";
				TEST_TARGET_NAME = MyFristGitXcodeProject;
			};
			name = Release;
		};
/* End XCBuildConfiguration section */

/* Begin XCConfigurationList section */
		D9ED38D12433847900DFFF7A /* Build configuration list for PBXProject "MyFristGitXcodeProject" */ = {
			isa = XCConfigurationList;
			buildConfigurations = (
				D9ED38FC2433847D00DFFF7A /* Debug */,
				D9ED38FD2433847D00DFFF7A /* Release */,
			);
			defaultConfigurationIsVisible = 0;
			defaultConfigurationName = Release;
		};
		D9ED38FE2433847D00DFFF7A /* Build configuration list for PBXNativeTarget "MyFristGitXcodeProject" */ = {
			isa = XCConfigurationList;
			buildConfigurations = (
				D9ED38FF2433847D00DFFF7A /* Debug */,
				D9ED39002433847D00DFFF7A /* Release */,
			);
			defaultConfigurationIsVisible = 0;
			defaultConfigurationName = Release;
		};
		D9ED39012433847D00DFFF7A /* Build configuration list for PBXNativeTarget "MyFristGitXcodeProjectTests" */ = {
			isa = XCConfigurationList;
			buildConfigurations = (
				D9ED39022433847D00DFFF7A /* Debug */,
				D9ED39032433847D00DFFF7A /* Release */,
			);
			defaultConfigurationIsVisible = 0;
			defaultConfigurationName = Release;
		};
		D9ED39042433847D00DFFF7A /* Build configuration list for PBXNativeTarget "MyFristGitXcodeProjectUITests" */ = {
			isa = XCConfigurationList;
			buildConfigurations = (
				D9ED39052433847D00DFFF7A /* Debug */,
				D9ED39062433847D00DFFF7A /* Release */,
			);
			defaultConfigurationIsVisible = 0;
			defaultConfigurationName = Release;
		};
/* End XCConfigurationList section */
	};
	rootObject = D9ED38CE2433847900DFFF7A /* Project object */;
}
